Microsoft Visual Studio Solution File, Format Version 12.00
# Visual Studio Version 16
VisualStudioVersion = 16.0.29519.87
MinimumVisualStudioVersion = 10.0.40219.1
Project("{6EC3EE1D-3C4E-46DD-8F32-0CC8E7565705}") = "TicTacToe.Game", "TicTacToe.Game\TicTacToe.Game.fsproj", "{3BC187F1-75D0-40AA-B88C-8A5C8A94C7C7}"
EndProject
Project("{6EC3EE1D-3C4E-46DD-8F32-0CC8E7565705}") = "TicTacToe.ConsoleGame", "TicTacToe.ConsoleGame\TicTacToe.ConsoleGame.fsproj", "{B94A37D9-B2D4-432B-958E-B57DAEDA129A}"
EndProject
Project("{6EC3EE1D-3C4E-46DD-8F32-0CC8E7565705}") = "TicTacToe.Game.Tests", "TicTacToe.Game.Tests\TicTacToe.Game.Tests.fsproj", "{749228ED-8E77-45F3-BAAF-279A3D123D21}"
EndProject
Project("{2150E333-8FDC-42A3-9474-1A3956D46DE8}") = "Solution Items", "Solution Items", "{358B415C-DFD2-4406-A6F9-DC71AA5A0B9C}"
	ProjectSection(SolutionItems) = preProject
		License.txt = License.txt
		Readme.md = Readme.md
	EndProjectSection
EndProject
Global
	GlobalSection(SolutionConfigurationPlatforms) = preSolution
		Debug|Any CPU = Debug|Any CPU
		Release|Any CPU = Release|Any CPU
	EndGlobalSection
	GlobalSection(ProjectConfigurationPlatforms) = postSolution
		{3BC187F1-75D0-40AA-B88C-8A5C8A94C7C7}.Debug|Any CPU.ActiveCfg = Debug|Any CPU
		{3BC187F1-75D0-40AA-B88C-8A5C8A94C7C7}.Debug|Any CPU.Build.0 = Debug|Any CPU
		{3BC187F1-75D0-40AA-B88C-8A5C8A94C7C7}.Release|Any CPU.ActiveCfg = Release|Any CPU
		{3BC187F1-75D0-40AA-B88C-8A5C8A94C7C7}.Release|Any CPU.Build.0 = Release|Any CPU
		{B94A37D9-B2D4-432B-958E-B57DAEDA129A}.Debug|Any CPU.ActiveCfg = Debug|Any CPU
		{B94A37D9-B2D4-432B-958E-B57DAEDA129A}.Debug|Any CPU.Build.0 = Debug|Any CPU
		{B94A37D9-B2D4-432B-958E-B57DAEDA129A}.Release|Any CPU.ActiveCfg = Release|Any CPU
		{B94A37D9-B2D4-432B-958E-B57DAEDA129A}.Release|Any CPU.Build.0 = Release|Any CPU
		{749228ED-8E77-45F3-BAAF-279A3D123D21}.Debug|Any CPU.ActiveCfg = Debug|Any CPU
		{749228ED-8E77-45F3-BAAF-279A3D123D21}.Debug|Any CPU.Build.0 = Debug|Any CPU
		{749228ED-8E77-45F3-BAAF-279A3D123D21}.Release|Any CPU.ActiveCfg = Release|Any CPU
		{749228ED-8E77-45F3-BAAF-279A3D123D21}.Release|Any CPU.Build.0 = Release|Any CPU
	EndGlobalSection
	GlobalSection(SolutionProperties) = preSolution
		HideSolutionNode = FALSE
	EndGlobalSection
	GlobalSection(ExtensibilityGlobals) = postSolution
		SolutionGuid = {5572696A-0C7C-4355-9946-EF48F0D1A50C}
	EndGlobalSection
EndGlobal
